{
  "version": 4,
  "terraform_version": "1.5.4",
  "serial": 5,
  "lineage": "b12d6cd2-fe3e-e657-f83f-72dca8017b15",
  "outputs": {},
  "resources": [
    {
      "mode": "managed",
      "type": "github_repository",
      "name": "terraform_create_github_repo",
      "provider": "provider[\"registry.terraform.io/hashicorp/github\"]",
      "instances": [
        {
          "schema_version": 1,
          "attributes": {
            "allow_auto_merge": false,
            "allow_merge_commit": true,
            "allow_rebase_merge": true,
            "allow_squash_merge": true,
            "allow_update_branch": false,
            "archive_on_destroy": null,
            "archived": false,
            "auto_init": true,
            "default_branch": "main",
            "delete_branch_on_merge": false,
            "description": "This repo is created and automated by terraform",
            "etag": "W/\"5effb5aecb3fdae3316e7559f91040b42de46ea18a9657c1ab9391fb8f6465b0\"",
            "full_name": "subarna00/Terraform-automated-repo",
            "git_clone_url": "git://github.com/subarna00/Terraform-automated-repo.git",
            "gitignore_template": null,
            "has_discussions": false,
            "has_downloads": false,
            "has_issues": false,
            "has_projects": false,
            "has_wiki": false,
            "homepage_url": "",
            "html_url": "https://github.com/subarna00/Terraform-automated-repo",
            "http_clone_url": "https://github.com/subarna00/Terraform-automated-repo.git",
            "id": "Terraform-automated-repo",
            "ignore_vulnerability_alerts_during_read": null,
            "is_template": false,
            "license_template": null,
            "merge_commit_message": "PR_TITLE",
            "merge_commit_title": "MERGE_MESSAGE",
            "name": "Terraform-automated-repo",
            "node_id": "R_kgDOKFCUiw",
            "pages": [],
            "private": false,
            "repo_id": 676369547,
            "security_and_analysis": [
              {
                "advanced_security": [],
                "secret_scanning": [
                  {
                    "status": "disabled"
                  }
                ],
                "secret_scanning_push_protection": [
                  {
                    "status": "disabled"
                  }
                ]
              }
            ],
            "squash_merge_commit_message": "COMMIT_MESSAGES",
            "squash_merge_commit_title": "COMMIT_OR_PR_TITLE",
            "ssh_clone_url": "git@github.com:subarna00/Terraform-automated-repo.git",
            "svn_url": "https://github.com/subarna00/Terraform-automated-repo",
            "template": [],
            "topics": null,
            "visibility": "public",
            "vulnerability_alerts": false
          },
          "sensitive_attributes": [],
          "private": "eyJzY2hlbWFfdmVyc2lvbiI6IjEifQ=="
        }
      ]
    }
  ],
  "check_results": null
}
